// !$*UTF8*$!
{
	archiveVersion = 1;
	classes = {
	};
	objectVersion = 50;
	objects = {

/* Begin PBXBuildFile section */
		4C04DCC8264FCA8D0010A126 /* TrekrApp.swift in Sources */ = {isa = PBXBuildFile; fileRef = 4C04DCC7264FCA8D0010A126 /* TrekrApp.swift */; };
		4C04DCCA264FCA8D0010A126 /* ContentView.swift in Sources */ = {isa = PBXBuildFile; fileRef = 4C04DCC9264FCA8D0010A126 /* ContentView.swift */; };
		4C04DCCC264FCA8E0010A126 /* Assets.xcassets in Resources */ = {isa = PBXBuildFile; fileRef = 4C04DCCB264FCA8E0010A126 /* Assets.xcassets */; };
		4C04DCCF264FCA8E0010A126 /* Preview Assets.xcassets in Resources */ = {isa = PBXBuildFile; fileRef = 4C04DCCE264FCA8E0010A126 /* Preview Assets.xcassets */; };
		4C04DCDC264FD0220010A126 /* tips.json in Resources */ = {isa = PBXBuildFile; fileRef = 4C04DCDA264FD0220010A126 /* tips.json */; };
		4C04DCDD264FD0220010A126 /* locations.json in Resources */ = {isa = PBXBuildFile; fileRef = 4C04DCDB264FD0220010A126 /* locations.json */; };
		4C04DCDF264FF6440010A126 /* Location.swift in Sources */ = {isa = PBXBuildFile; fileRef = 4C04DCDE264FF6440010A126 /* Location.swift */; };
		4C04DCE1264FFDB00010A126 /* Locations.swift in Sources */ = {isa = PBXBuildFile; fileRef = 4C04DCE0264FFDB00010A126 /* Locations.swift */; };
		4C04DCE3265008D80010A126 /* WorldView.swift in Sources */ = {isa = PBXBuildFile; fileRef = 4C04DCE2265008D80010A126 /* WorldView.swift */; };
		4C04DCE526505C4F0010A126 /* Tip.swift in Sources */ = {isa = PBXBuildFile; fileRef = 4C04DCE426505C4F0010A126 /* Tip.swift */; };
		4C04DCE926505D730010A126 /* TipsView.swift in Sources */ = {isa = PBXBuildFile; fileRef = 4C04DCE826505D730010A126 /* TipsView.swift */; };
/* End PBXBuildFile section */

/* Begin PBXFileReference section */
		4C04DCC4264FCA8D0010A126 /* Trekr.app */ = {isa = PBXFileReference; explicitFileType = wrapper.application; includeInIndex = 0; path = Trekr.app; sourceTree = BUILT_PRODUCTS_DIR; };
		4C04DCC7264FCA8D0010A126 /* TrekrApp.swift */ = {isa = PBXFileReference; lastKnownFileType = sourcecode.swift; path = TrekrApp.swift; sourceTree = "<group>"; };
		4C04DCC9264FCA8D0010A126 /* ContentView.swift */ = {isa = PBXFileReference; lastKnownFileType = sourcecode.swift; path = ContentView.swift; sourceTree = "<group>"; };
		4C04DCCB264FCA8E0010A126 /* Assets.xcassets */ = {isa = PBXFileReference; lastKnownFileType = folder.assetcatalog; path = Assets.xcassets; sourceTree = "<group>"; };
		4C04DCCE264FCA8E0010A126 /* Preview Assets.xcassets */ = {isa = PBXFileReference; lastKnownFileType = folder.assetcatalog; path = "Preview Assets.xcassets"; sourceTree = "<group>"; };
		4C04DCD0264FCA8E0010A126 /* Info.plist */ = {isa = PBXFileReference; lastKnownFileType = text.plist.xml; path = Info.plist; sourceTree = "<group>"; };
		4C04DCDA264FD0220010A126 /* tips.json */ = {isa = PBXFileReference; fileEncoding = 4; lastKnownFileType = text.json; path = tips.json; sourceTree = "<group>"; };
		4C04DCDB264FD0220010A126 /* locations.json */ = {isa = PBXFileReference; fileEncoding = 4; lastKnownFileType = text.json; path = locations.json; sourceTree = "<group>"; };
		4C04DCDE264FF6440010A126 /* Location.swift */ = {isa = PBXFileReference; lastKnownFileType = sourcecode.swift; path = Location.swift; sourceTree = "<group>"; };
		4C04DCE0264FFDB00010A126 /* Locations.swift */ = {isa = PBXFileReference; lastKnownFileType = sourcecode.swift; path = Locations.swift; sourceTree = "<group>"; };
		4C04DCE2265008D80010A126 /* WorldView.swift */ = {isa = PBXFileReference; lastKnownFileType = sourcecode.swift; path = WorldView.swift; sourceTree = "<group>"; };
		4C04DCE426505C4F0010A126 /* Tip.swift */ = {isa = PBXFileReference; lastKnownFileType = sourcecode.swift; path = Tip.swift; sourceTree = "<group>"; };
		4C04DCE826505D730010A126 /* TipsView.swift */ = {isa = PBXFileReference; lastKnownFileType = sourcecode.swift; path = TipsView.swift; sourceTree = "<group>"; };
/* End PBXFileReference section */

/* Begin PBXFrameworksBuildPhase section */
		4C04DCC1264FCA8D0010A126 /* Frameworks */ = {
			isa = PBXFrameworksBuildPhase;
			buildActionMask = 2147483647;
			files = (
			);
			runOnlyForDeploymentPostprocessing = 0;
		};
/* End PBXFrameworksBuildPhase section */

/* Begin PBXGroup section */
		4C04DCBB264FCA8D0010A126 = {
			isa = PBXGroup;
			children = (
				4C04DCC6264FCA8D0010A126 /* Trekr */,
				4C04DCC5264FCA8D0010A126 /* Products */,
			);
			sourceTree = "<group>";
		};
		4C04DCC5264FCA8D0010A126 /* Products */ = {
			isa = PBXGroup;
			children = (
				4C04DCC4264FCA8D0010A126 /* Trekr.app */,
			);
			name = Products;
			sourceTree = "<group>";
		};
		4C04DCC6264FCA8D0010A126 /* Trekr */ = {
			isa = PBXGroup;
			children = (
				4C04DCC7264FCA8D0010A126 /* TrekrApp.swift */,
				4C04DCE826505D730010A126 /* TipsView.swift */,
				4C04DCE2265008D80010A126 /* WorldView.swift */,
				4C04DCC9264FCA8D0010A126 /* ContentView.swift */,
				4C04DCE0264FFDB00010A126 /* Locations.swift */,
				4C04DCDE264FF6440010A126 /* Location.swift */,
				4C04DCE426505C4F0010A126 /* Tip.swift */,
				4C04DCCB264FCA8E0010A126 /* Assets.xcassets */,
				4C04DCD0264FCA8E0010A126 /* Info.plist */,
				4C04DCDB264FD0220010A126 /* locations.json */,
				4C04DCDA264FD0220010A126 /* tips.json */,
				4C04DCCD264FCA8E0010A126 /* Preview Content */,
			);
			path = Trekr;
			sourceTree = "<group>";
		};
		4C04DCCD264FCA8E0010A126 /* Preview Content */ = {
			isa = PBXGroup;
			children = (
				4C04DCCE264FCA8E0010A126 /* Preview Assets.xcassets */,
			);
			path = "Preview Content";
			sourceTree = "<group>";
		};
/* End PBXGroup section */

/* Begin PBXNativeTarget section */
		4C04DCC3264FCA8D0010A126 /* Trekr */ = {
			isa = PBXNativeTarget;
			buildConfigurationList = 4C04DCD3264FCA8E0010A126 /* Build configuration list for PBXNativeTarget "Trekr" */;
			buildPhases = (
				4C04DCC0264FCA8D0010A126 /* Sources */,
				4C04DCC1264FCA8D0010A126 /* Frameworks */,
				4C04DCC2264FCA8D0010A126 /* Resources */,
			);
			buildRules = (
			);
			dependencies = (
			);
			name = Trekr;
			productName = Trekr;
			productReference = 4C04DCC4264FCA8D0010A126 /* Trekr.app */;
			productType = "com.apple.product-type.application";
		};
/* End PBXNativeTarget section */

/* Begin PBXProject section */
		4C04DCBC264FCA8D0010A126 /* Project object */ = {
			isa = PBXProject;
			attributes = {
				LastSwiftUpdateCheck = 1250;
				LastUpgradeCheck = 1250;
				TargetAttributes = {
					4C04DCC3264FCA8D0010A126 = {
						CreatedOnToolsVersion = 12.5;
					};
				};
			};
			buildConfigurationList = 4C04DCBF264FCA8D0010A126 /* Build configuration list for PBXProject "Trekr" */;
			compatibilityVersion = "Xcode 9.3";
			developmentRegion = en;
			hasScannedForEncodings = 0;
			knownRegions = (
				en,
				Base,
			);
			mainGroup = 4C04DCBB264FCA8D0010A126;
			productRefGroup = 4C04DCC5264FCA8D0010A126 /* Products */;
			projectDirPath = "";
			projectRoot = "";
			targets = (
				4C04DCC3264FCA8D0010A126 /* Trekr */,
			);
		};
/* End PBXProject section */

/* Begin PBXResourcesBuildPhase section */
		4C04DCC2264FCA8D0010A126 /* Resources */ = {
			isa = PBXResourcesBuildPhase;
			buildActionMask = 2147483647;
			files = (
				4C04DCCF264FCA8E0010A126 /* Preview Assets.xcassets in Resources */,
				4C04DCCC264FCA8E0010A126 /* Assets.xcassets in Resources */,
				4C04DCDD264FD0220010A126 /* locations.json in Resources */,
				4C04DCDC264FD0220010A126 /* tips.json in Resources */,
			);
			runOnlyForDeploymentPostprocessing = 0;
		};
/* End PBXResourcesBuildPhase section */

/* Begin PBXSourcesBuildPhase section */
		4C04DCC0264FCA8D0010A126 /* Sources */ = {
			isa = PBXSourcesBuildPhase;
			buildActionMask = 2147483647;
			files = (
				4C04DCCA264FCA8D0010A126 /* ContentView.swift in Sources */,
				4C04DCDF264FF6440010A126 /* Location.swift in Sources */,
				4C04DCE3265008D80010A126 /* WorldView.swift in Sources */,
				4C04DCE1264FFDB00010A126 /* Locations.swift in Sources */,
				4C04DCE926505D730010A126 /* TipsView.swift in Sources */,
				4C04DCC8264FCA8D0010A126 /* TrekrApp.swift in Sources */,
				4C04DCE526505C4F0010A126 /* Tip.swift in Sources */,
			);
			runOnlyForDeploymentPostprocessing = 0;
		};
/* End PBXSourcesBuildPhase section */

/* Begin XCBuildConfiguration section */
		4C04DCD1264FCA8E0010A126 /* Debug */ = {
			isa = XCBuildConfiguration;
			buildSettings = {
				ALWAYS_SEARCH_USER_PATHS = NO;
				CLANG_ANALYZER_NONNULL = YES;
				CLANG_ANALYZER_NUMBER_OBJECT_CONVERSION = YES_AGGRESSIVE;
				CLANG_CXX_LANGUAGE_STANDARD = "gnu++14";
				CLANG_CXX_LIBRARY = "libc++";
				CLANG_ENABLE_MODULES = YES;
				CLANG_ENABLE_OBJC_ARC = YES;
				CLANG_ENABLE_OBJC_WEAK = YES;
				CLANG_WARN_BLOCK_CAPTURE_AUTORELEASING = YES;
				CLANG_WARN_BOOL_CONVERSION = YES;
				CLANG_WARN_COMMA = YES;
				CLANG_WARN_CONSTANT_CONVERSION = YES;
				CLANG_WARN_DEPRECATED_OBJC_IMPLEMENTATIONS = YES;
				CLANG_WARN_DIRECT_OBJC_ISA_USAGE = YES_ERROR;
				CLANG_WARN_DOCUMENTATION_COMMENTS = YES;
				CLANG_WARN_EMPTY_BODY = YES;
				CLANG_WARN_ENUM_CONVERSION = YES;
				CLANG_WARN_INFINITE_RECURSION = YES;
				CLANG_WARN_INT_CONVERSION = YES;
				CLANG_WARN_NON_LITERAL_NULL_CONVERSION = YES;
				CLANG_WARN_OBJC_IMPLICIT_RETAIN_SELF = YES;
				CLANG_WARN_OBJC_LITERAL_CONVERSION = YES;
				CLANG_WARN_OBJC_ROOT_CLASS = YES_ERROR;
				CLANG_WARN_QUOTED_INCLUDE_IN_FRAMEWORK_HEADER = YES;
				CLANG_WARN_RANGE_LOOP_ANALYSIS = YES;
				CLANG_WARN_STRICT_PROTOTYPES = YES;
				CLANG_WARN_SUSPICIOUS_MOVE = YES;
				CLANG_WARN_UNGUARDED_AVAILABILITY = YES_AGGRESSIVE;
				CLANG_WARN_UNREACHABLE_CODE = YES;
				CLANG_WARN__DUPLICATE_METHOD_MATCH = YES;
				COPY_PHASE_STRIP = NO;
				DEBUG_INFORMATION_FORMAT = dwarf;
				ENABLE_STRICT_OBJC_MSGSEND = YES;
				ENABLE_TESTABILITY = YES;
				GCC_C_LANGUAGE_STANDARD = gnu11;
				GCC_DYNAMIC_NO_PIC = NO;
				GCC_NO_COMMON_BLOCKS = YES;
				GCC_OPTIMIZATION_LEVEL = 0;
				GCC_PREPROCESSOR_DEFINITIONS = (
					"DEBUG=1",
					"$(inherited)",
				);
				GCC_WARN_64_TO_32_BIT_CONVERSION = YES;
				GCC_WARN_ABOUT_RETURN_TYPE = YES_ERROR;
				GCC_WARN_UNDECLARED_SELECTOR = YES;
				GCC_WARN_UNINITIALIZED_AUTOS = YES_AGGRESSIVE;
				GCC_WARN_UNUSED_FUNCTION = YES;
				GCC_WARN_UNUSED_VARIABLE = YES;
				IPHONEOS_DEPLOYMENT_TARGET = 14.5;
				MTL_ENABLE_DEBUG_INFO = INCLUDE_SOURCE;
				MTL_FAST_MATH = YES;
				ONLY_ACTIVE_ARCH = YES;
				SDKROOT = iphoneos;
				SWIFT_ACTIVE_COMPILATION_CONDITIONS = DEBUG;
				SWIFT_OPTIMIZATION_LEVEL = "-Onone";
			};
			name = Debug;
		};
		4C04DCD2264FCA8E0010A126 /* Release */ = {
			isa = XCBuildConfiguration;
			buildSettings = {
				ALWAYS_SEARCH_USER_PATHS = NO;
				CLANG_ANALYZER_NONNULL = YES;
				CLANG_ANALYZER_NUMBER_OBJECT_CONVERSION = YES_AGGRESSIVE;
				CLANG_CXX_LANGUAGE_STANDARD = "gnu++14";
				CLANG_CXX_LIBRARY = "libc++";
				CLANG_ENABLE_MODULES = YES;
				CLANG_ENABLE_OBJC_ARC = YES;
				CLANG_ENABLE_OBJC_WEAK = YES;
				CLANG_WARN_BLOCK_CAPTURE_AUTORELEASING = YES;
				CLANG_WARN_BOOL_CONVERSION = YES;
				CLANG_WARN_COMMA = YES;
				CLANG_WARN_CONSTANT_CONVERSION = YES;
				CLANG_WARN_DEPRECATED_OBJC_IMPLEMENTATIONS = YES;
				CLANG_WARN_DIRECT_OBJC_ISA_USAGE = YES_ERROR;
				CLANG_WARN_DOCUMENTATION_COMMENTS = YES;
				CLANG_WARN_EMPTY_BODY = YES;
				CLANG_WARN_ENUM_CONVERSION = YES;
				CLANG_WARN_INFINITE_RECURSION = YES;
				CLANG_WARN_INT_CONVERSION = YES;
				CLANG_WARN_NON_LITERAL_NULL_CONVERSION = YES;
				CLANG_WARN_OBJC_IMPLICIT_RETAIN_SELF = YES;
				CLANG_WARN_OBJC_LITERAL_CONVERSION = YES;
				CLANG_WARN_OBJC_ROOT_CLASS = YES_ERROR;
				CLANG_WARN_QUOTED_INCLUDE_IN_FRAMEWORK_HEADER = YES;
				CLANG_WARN_RANGE_LOOP_ANALYSIS = YES;
				CLANG_WARN_STRICT_PROTOTYPES = YES;
				CLANG_WARN_SUSPICIOUS_MOVE = YES;
				CLANG_WARN_UNGUARDED_AVAILABILITY = YES_AGGRESSIVE;
				CLANG_WARN_UNREACHABLE_CODE = YES;
				CLANG_WARN__DUPLICATE_METHOD_MATCH = YES;
				COPY_PHASE_STRIP = NO;
				DEBUG_INFORMATION_FORMAT = "dwarf-with-dsym";
				ENABLE_NS_ASSERTIONS = NO;
				ENABLE_STRICT_OBJC_MSGSEND = YES;
				GCC_C_LANGUAGE_STANDARD = gnu11;
				GCC_NO_COMMON_BLOCKS = YES;
				GCC_WARN_64_TO_32_BIT_CONVERSION = YES;
				GCC_WARN_ABOUT_RETURN_TYPE = YES_ERROR;
				GCC_WARN_UNDECLARED_SELECTOR = YES;
				GCC_WARN_UNINITIALIZED_AUTOS = YES_AGGRESSIVE;
				GCC_WARN_UNUSED_FUNCTION = YES;
				GCC_WARN_UNUSED_VARIABLE = YES;
				IPHONEOS_DEPLOYMENT_TARGET = 14.5;
				MTL_ENABLE_DEBUG_INFO = NO;
				MTL_FAST_MATH = YES;
				SDKROOT = iphoneos;
				SWIFT_COMPILATION_MODE = wholemodule;
				SWIFT_OPTIMIZATION_LEVEL = "-O";
				VALIDATE_PRODUCT = YES;
			};
			name = Release;
		};
		4C04DCD4264FCA8E0010A126 /* Debug */ = {
			isa = XCBuildConfiguration;
			buildSettings = {
				ASSETCATALOG_COMPILER_APPICON_NAME = AppIcon;
				ASSETCATALOG_COMPILER_GLOBAL_ACCENT_COLOR_NAME = AccentColor;
				CODE_SIGN_STYLE = Automatic;
				DEVELOPMENT_ASSET_PATHS = "\"Trekr/Preview Content\"";
				ENABLE_PREVIEWS = YES;
				INFOPLIST_FILE = Trekr/Info.plist;
				IPHONEOS_DEPLOYMENT_TARGET = 14.0;
				LD_RUNPATH_SEARCH_PATHS = (
					"$(inherited)",
					"@executable_path/Frameworks",
				);
				PRODUCT_BUNDLE_IDENTIFIER = com.patrikharmanos.Trekr;
				PRODUCT_NAME = "$(TARGET_NAME)";
				SWIFT_VERSION = 5.0;
				TARGETED_DEVICE_FAMILY = "1,2";
			};
			name = Debug;
		};
		4C04DCD5264FCA8E0010A126 /* Release */ = {
			isa = XCBuildConfiguration;
			buildSettings = {
				ASSETCATALOG_COMPILER_APPICON_NAME = AppIcon;
				ASSETCATALOG_COMPILER_GLOBAL_ACCENT_COLOR_NAME = AccentColor;
				CODE_SIGN_STYLE = Automatic;
				DEVELOPMENT_ASSET_PATHS = "\"Trekr/Preview Content\"";
				ENABLE_PREVIEWS = YES;
				INFOPLIST_FILE = Trekr/Info.plist;
				IPHONEOS_DEPLOYMENT_TARGET = 14.0;
				LD_RUNPATH_SEARCH_PATHS = (
					"$(inherited)",
					"@executable_path/Frameworks",
				);
				PRODUCT_BUNDLE_IDENTIFIER = com.patrikharmanos.Trekr;
				PRODUCT_NAME = "$(TARGET_NAME)";
				SWIFT_VERSION = 5.0;
				TARGETED_DEVICE_FAMILY = "1,2";
			};
			name = Release;
		};
/* End XCBuildConfiguration section */

/* Begin XCConfigurationList section */
		4C04DCBF264FCA8D0010A126 /* Build configuration list for PBXProject "Trekr" */ = {
			isa = XCConfigurationList;
			buildConfigurations = (
				4C04DCD1264FCA8E0010A126 /* Debug */,
				4C04DCD2264FCA8E0010A126 /* Release */,
			);
			defaultConfigurationIsVisible = 0;
			defaultConfigurationName = Release;
		};
		4C04DCD3264FCA8E0010A126 /* Build configuration list for PBXNativeTarget "Trekr" */ = {
			isa = XCConfigurationList;
			buildConfigurations = (
				4C04DCD4264FCA8E0010A126 /* Debug */,
				4C04DCD5264FCA8E0010A126 /* Release */,
			);
			defaultConfigurationIsVisible = 0;
			defaultConfigurationName = Release;
		};
/* End XCConfigurationList section */
	};
	rootObject = 4C04DCBC264FCA8D0010A126 /* Project object */;
}
